
Microsoft Visual Studio Solution File, Format Version 12.00
# Visual Studio Version 16
VisualStudioVersion = 16.0.31424.327
MinimumVisualStudioVersion = 10.0.40219.1
Project("{FAE04EC0-301F-11D3-BF4B-00C04F79EFBC}") = "UserMaintenance", "UserMaintenance\UserMaintenance.csproj", "{EF9ECC3E-F4A4-4B6B-9A88-887BB4C7504E}"
EndProject
Global
	GlobalSection(SolutionConfigurationPlatforms) = preSolution
		Debug|Any CPU = Debug|Any CPU
		Release|Any CPU = Release|Any CPU
	EndGlobalSection
	GlobalSection(ProjectConfigurationPlatforms) = postSolution
		{EF9ECC3E-F4A4-4B6B-9A88-887BB4C7504E}.Debug|Any CPU.ActiveCfg = Debug|Any CPU
		{EF9ECC3E-F4A4-4B6B-9A88-887BB4C7504E}.Debug|Any CPU.Build.0 = Debug|Any CPU
		{EF9ECC3E-F4A4-4B6B-9A88-887BB4C7504E}.Release|Any CPU.ActiveCfg = Release|Any CPU
		{EF9ECC3E-F4A4-4B6B-9A88-887BB4C7504E}.Release|Any CPU.Build.0 = Release|Any CPU
	EndGlobalSection
	GlobalSection(SolutionProperties) = preSolution
		HideSolutionNode = FALSE
	EndGlobalSection
	GlobalSection(ExtensibilityGlobals) = postSolution
		SolutionGuid = {58AF363F-7D96-49B1-B9A0-4CD4A4D3BB4A}
	EndGlobalSection
EndGlobal
